
Microsoft Visual Studio Solution File, Format Version 11.00
# Visual Studio 2010
# SharpDevelop 4.4
Project("{FAE04EC0-301F-11D3-BF4B-00C04F79EFBC}") = "GithubDeployment", "GithubDeployment\GithubDeployment.csproj", "{6B573A59-B929-4789-9B94-7789A20E4676}"
EndProject
Global
	GlobalSection(SolutionConfigurationPlatforms) = preSolution
		Debug|Any CPU = Debug|Any CPU
		Release|Any CPU = Release|Any CPU
	EndGlobalSection
	GlobalSection(ProjectConfigurationPlatforms) = postSolution
		{6B573A59-B929-4789-9B94-7789A20E4676}.Debug|Any CPU.Build.0 = Debug|Any CPU
		{6B573A59-B929-4789-9B94-7789A20E4676}.Debug|Any CPU.ActiveCfg = Debug|Any CPU
		{6B573A59-B929-4789-9B94-7789A20E4676}.Release|Any CPU.Build.0 = Release|Any CPU
		{6B573A59-B929-4789-9B94-7789A20E4676}.Release|Any CPU.ActiveCfg = Release|Any CPU
	EndGlobalSection
EndGlobal
